Microsoft Visual Studio Solution File, Format Version 11.00
# Visual Studio 2008

Project("{BEAA8CA3-7F70-77E3-3F83-E3C7E6EDBB9A}") = "rbt-gm - Copia", "Assembly-CSharp-firstpass-vs.csproj", "{11E683C4-7EAD-181D-DC29-6A04C493A929}"
EndProject
Project("{BEAA8CA3-7F70-77E3-3F83-E3C7E6EDBB9A}") = "rbt-gm - Copia", "Assembly-CSharp-vs.csproj", "{F2F82AB7-CA42-A450-765A-AE27FC91E171}"
EndProject
Project("{BEAA8CA3-7F70-77E3-3F83-E3C7E6EDBB9A}") = "rbt-gm - Copia", "Assembly-CSharp-Editor-vs.csproj", "{B4EB1E84-56C1-B405-E5FC-DBFEA3BBBC85}"
EndProject
Global
	GlobalSection(SolutionConfigurationPlatforms) = preSolution
		Debug|Any CPU = Debug|Any CPU
		Release|Any CPU = Release|Any CPU
	EndGlobalSection
	GlobalSection(ProjectConfigurationPlatforms) = postSolution
		{11E683C4-7EAD-181D-DC29-6A04C493A929}.Debug|Any CPU.ActiveCfg = Debug|Any CPU
		{11E683C4-7EAD-181D-DC29-6A04C493A929}.Debug|Any CPU.Build.0 = Debug|Any CPU
		{11E683C4-7EAD-181D-DC29-6A04C493A929}.Release|Any CPU.ActiveCfg = Release|Any CPU
		{11E683C4-7EAD-181D-DC29-6A04C493A929}.Release|Any CPU.Build.0 = Release|Any CPU
		{F2F82AB7-CA42-A450-765A-AE27FC91E171}.Debug|Any CPU.ActiveCfg = Debug|Any CPU
		{F2F82AB7-CA42-A450-765A-AE27FC91E171}.Debug|Any CPU.Build.0 = Debug|Any CPU
		{F2F82AB7-CA42-A450-765A-AE27FC91E171}.Release|Any CPU.ActiveCfg = Release|Any CPU
		{F2F82AB7-CA42-A450-765A-AE27FC91E171}.Release|Any CPU.Build.0 = Release|Any CPU
		{B4EB1E84-56C1-B405-E5FC-DBFEA3BBBC85}.Debug|Any CPU.ActiveCfg = Debug|Any CPU
		{B4EB1E84-56C1-B405-E5FC-DBFEA3BBBC85}.Debug|Any CPU.Build.0 = Debug|Any CPU
		{B4EB1E84-56C1-B405-E5FC-DBFEA3BBBC85}.Release|Any CPU.ActiveCfg = Release|Any CPU
		{B4EB1E84-56C1-B405-E5FC-DBFEA3BBBC85}.Release|Any CPU.Build.0 = Release|Any CPU
	EndGlobalSection
	GlobalSection(SolutionProperties) = preSolution
		HideSolutionNode = FALSE
	EndGlobalSection
											GlobalSection(MonoDevelopProperties) = preSolution
		StartupItem = Assembly-CSharp.csproj
		Policies = $0
		$0.TextStylePolicy = $1
		$1.inheritsSet = null
		$1.scope = text/x-csharp
		$0.CSharpFormattingPolicy = $2
		$2.inheritsSet = Mono
		$2.inheritsScope = text/x-csharp
		$2.scope = text/x-csharp
		$0.TextStylePolicy = $3
		$3.FileWidth = 120
		$3.TabWidth = 4
		$3.IndentWidth = 4
		$3.EolMarker = Unix
		$3.inheritsSet = Mono
		$3.inheritsScope = text/plain
		$3.scope = text/plain
	EndGlobalSection

EndGlobal
